version = 1
revision = 3
requires-python = ">=3.14"

[[package]]
name = "attrs"
version = "25.4.0"
source = { registry = "https://pypi.org/simple" }
sdist = { url = "https://files.pythonhosted.org/packages/6b/5c/685e6633917e101e5dcb62b9dd76946cbb57c26e133bae9e0cd36033c0a9/attrs-25.4.0.tar.gz", hash = "sha256:16d5969b87f0859ef33a48b35d55ac1be6e42ae49d5e853b597db70c35c57e11", size = 934251, upload-time = "2025-10-06T13:54:44.725Z" }
wheels = [
    { url = "https://files.pythonhosted.org/packages/3a/2a/7cc015f5b9f5db42b7d48157e23356022889fc354a2813c15934b7cb5c0e/attrs-25.4.0-py3-none-any.whl", hash = "sha256:adcf7e2a1fb3b36ac48d97835bb6d8ade15b8dcce26aba8bf1d14847b57a3373", size = 67615, upload-time = "2025-10-06T13:54:43.17Z" },
]

[[package]]
name = "cachetools"
version = "7.0.0"
source = { registry = "https://pypi.org/simple" }
sdist = { url = "https://files.pythonhosted.org/packages/98/af/df70e9b65bc77a1cbe0768c0aa4617147f30f8306ded98c1744bcdc0ae1e/cachetools-7.0.0.tar.gz", hash = "sha256:a9abf18ff3b86c7d05b27ead412e235e16ae045925e531fae38d5fada5ed5b08", size = 35796, upload-time = "2026-02-01T18:59:47.411Z" }
wheels = [
    { url = "https://files.pythonhosted.org/packages/28/df/2dd32cce20cbcf6f2ec456b58d44368161ad28320729f64e5e1d5d7bd0ae/cachetools-7.0.0-py3-none-any.whl", hash = "sha256:d52fef60e6e964a1969cfb61ccf6242a801b432790fe520d78720d757c81cbd2", size = 13487, upload-time = "2026-02-01T18:59:45.981Z" },
]

[[package]]
name = "certifi"
version = "2026.1.4"
source = { registry = "https://pypi.org/simple" }
sdist = { url = "https://files.pythonhosted.org/packages/e0/2d/a891ca51311197f6ad14a7ef42e2399f36cf2f9bd44752b3dc4eab60fdc5/certifi-2026.1.4.tar.gz", hash = "sha256:ac726dd470482006e014ad384921ed6438c457018f4b3d204aea4281258b2120", size = 154268, upload-time = "2026-01-04T02:42:41.825Z" }
wheels = [
    { url = "https://files.pythonhosted.org/packages/e6/ad/3cc14f097111b4de0040c83a525973216457bbeeb63739ef1ed275c1c021/certifi-2026.1.4-py3-none-any.whl", hash = "sha256:9943707519e4add1115f44c2bc244f782c0249876bf51b6599fee1ffbedd685c", size = 152900, upload-time = "2026-01-04T02:42:40.15Z" },
]

[[package]]
name = "cffi"
version = "2.0.0"
source = { registry = "https://pypi.org/simple" }
dependencies = [
    { name = "pycparser", marker = "implementation_name != 'PyPy'" },
]
sdist = { url = "https://files.pythonhosted.org/packages/eb/56/b1ba7935a17738ae8453301356628e8147c79dbb825bcbc73dc7401f9846/cffi-2.0.0.tar.gz", hash = "sha256:44d1b5909021139fe36001ae048dbdde8214afa20200eda0f64c068cac5d5529", size = 523588, upload-time = "2025-09-08T23:24:04.541Z" }
wheels = [
    { url = "https://files.pythonhosted.org/packages/3e/aa/df335faa45b395396fcbc03de2dfcab242cd61a9900e914fe682a59170b1/cffi-2.0.0-cp314-cp314-win32.whl", hash = "sha256:087067fa8953339c723661eda6b54bc98c5625757ea62e95eb4898ad5e776e9f", size = 175328, upload-time = "2025-09-08T23:23:44.61Z" },
    { url = "https://files.pythonhosted.org/packages/bb/92/882c2d30831744296ce713f0feb4c1cd30f346ef747b530b5318715cc367/cffi-2.0.0-cp314-cp314-win_amd64.whl", hash = "sha256:203a48d1fb583fc7d78a4c6655692963b860a417c0528492a6bc21f1aaefab25", size = 185650, upload-time = "2025-09-08T23:23:45.848Z" },
    { url = "https://files.pythonhosted.org/packages/9f/2c/98ece204b9d35a7366b5b2c6539c350313ca13932143e79dc133ba757104/cffi-2.0.0-cp314-cp314-win_arm64.whl", hash = "sha256:dbd5c7a25a7cb98f5ca55d258b103a2054f859a46ae11aaf23134f9cc0d356ad", size = 180687, upload-time = "2025-09-08T23:23:47.105Z" },
    { url = "https://files.pythonhosted.org/packages/a0/1d/ec1a60bd1a10daa292d3cd6bb0b359a81607154fb8165f3ec95fe003b85c/cffi-2.0.0-cp314-cp314t-win32.whl", hash = "sha256:1fc9ea04857caf665289b7a75923f2c6ed559b8298a1b8c49e59f7dd95c8481e", size = 180487, upload-time = "2025-09-08T23:23:40.423Z" },
    { url = "https://files.pythonhosted.org/packages/bf/41/4c1168c74fac325c0c8156f04b6749c8b6a8f405bbf91413ba088359f60d/cffi-2.0.0-cp314-cp314t-win_amd64.whl", hash = "sha256:d68b6cef7827e8641e8ef16f4494edda8b36104d79773a334beaa1e3521430f6", size = 191726, upload-time = "2025-09-08T23:23:41.742Z" },
    { url = "https://files.pythonhosted.org/packages/ae/3a/dbeec9d1ee0844c679f6bb5d6ad4e9f198b1224f4e7a32825f47f6192b0c/cffi-2.0.0-cp314-cp314t-win_arm64.whl", hash = "sha256:0a1527a803f0a659de1af2e1fd700213caba79377e27e4693648c2923da066f9", size = 184195, upload-time = "2025-09-08T23:23:43.004Z" },
]

[[package]]
name = "charset-normalizer"
version = "3.4.4"
source = { registry = "https://pypi.org/simple" }
sdist = { url = "https://files.pythonhosted.org/packages/13/69/33ddede1939fdd074bce5434295f38fae7136463422fe4fd3e0e89b98062/charset_normalizer-3.4.4.tar.gz", hash = "sha256:94537985111c35f28720e43603b8e7b43a6ecfb2ce1d3058bbe955b73404e21a", size = 129418, upload-time = "2025-10-14T04:42:32.879Z" }
wheels = [
    { url = "https://files.pythonhosted.org/packages/2a/35/7051599bd493e62411d6ede36fd5af83a38f37c4767b92884df7301db25d/charset_normalizer-3.4.4-cp314-cp314-macosx_10_13_universal2.whl", hash = "sha256:da3326d9e65ef63a817ecbcc0df6e94463713b754fe293eaa03da99befb9a5bd", size = 207746, upload-time = "2025-10-14T04:41:33.773Z" },
    { url = "https://files.pythonhosted.org/packages/10/9a/97c8d48ef10d6cd4fcead2415523221624bf58bcf68a802721a6bc807c8f/charset_normalizer-3.4.4-cp314-cp314-manylinux2014_aarch64.manylinux_2_17_aarch64.manylinux_2_28_aarch64.whl", hash = "sha256:8af65f14dc14a79b924524b1e7fffe304517b2bff5a58bf64f30b98bbc5079eb", size = 147889, upload-time = "2025-10-14T04:41:34.897Z" },
    { url = "https://files.pythonhosted.org/packages/10/bf/979224a919a1b606c82bd2c5fa49b5c6d5727aa47b4312bb27b1734f53cd/charset_normalizer-3.4.4-cp314-cp314-manylinux2014_armv7l.manylinux_2_17_armv7l.manylinux_2_31_armv7l.whl", hash = "sha256:74664978bb272435107de04e36db5a9735e78232b85b77d45cfb38f758efd33e", size = 143641, upload-time = "2025-10-14T04:41:36.116Z" },
    { url = "https://files.pythonhosted.org/packages/ba/33/0ad65587441fc730dc7bd90e9716b30b4702dc7b617e6ba4997dc8651495/charset_normalizer-3.4.4-cp314-cp314-manylinux2014_ppc64le.manylinux_2_17_ppc64le.manylinux_2_28_ppc64le.whl", hash = "sha256:752944c7ffbfdd10c074dc58ec2d5a8a4cd9493b314d367c14d24c17684ddd14", size = 160779, upload-time = "2025-10-14T04:41:37.229Z" },
    { url = "https://files.pythonhosted.org/packages/67/ed/331d6b249259ee71ddea93f6f2f0a56cfebd46938bde6fcc6f7b9a3d0e09/charset_normalizer-3.4.4-cp314-cp314-manylinux2014_s390x.manylinux_2_17_s390x.manylinux_2_28_s390x.whl", hash = "sha256:d1f13550535ad8cff21b8d757a3257963e951d96e20ec82ab44bc64aeb62a191", size = 159035, upload-time = "2025-10-14T04:41:38.368Z" },
    { url = "https://files.pythonhosted.org/packages/67/ff/f6b948ca32e4f2a4576aa129d8bed61f2e0543bf9f5f2b7fc3758ed005c9/charset_normalizer-3.4.4-cp314-cp314-manylinux2014_x86_64.manylinux_2_17_x86_64.manylinux_2_28_x86_64.whl", hash = "sha256:ecaae4149d99b1c9e7b88bb03e3221956f68fd6d50be2ef061b2381b61d20838", size = 152542, upload-time = "2025-10-14T04:41:39.862Z" },
    { url = "https://files.pythonhosted.org/packages/16/85/276033dcbcc369eb176594de22728541a925b2632f9716428c851b149e83/charset_normalizer-3.4.4-cp314-cp314-manylinux_2_31_riscv64.manylinux_2_39_riscv64.whl", hash = "sha256:cb6254dc36b47a990e59e1068afacdcd02958bdcce30bb50cc1700a8b9d624a6", size = 149524, upload-time = "2025-10-14T04:41:41.319Z" },
    { url = "https://files.pythonhosted.org/packages/9e/f2/6a2a1f722b6aba37050e626530a46a68f74e63683947a8acff92569f979a/charset_normalizer-3.4.4-cp314-cp314-musllinux_1_2_aarch64.whl", hash = "sha256:c8ae8a0f02f57a6e61203a31428fa1d677cbe50c93622b4149d5c0f319c1d19e", size = 150395, upload-time = "2025-10-14T04:41:42.539Z" },
    { url = "https://files.pythonhosted.org/packages/60/bb/2186cb2f2bbaea6338cad15ce23a67f9b0672929744381e28b0592676824/charset_normalizer-3.4.4-cp314-cp314-musllinux_1_2_armv7l.whl", hash = "sha256:47cc91b2f4dd2833fddaedd2893006b0106129d4b94fdb6af1f4ce5a9965577c", size = 143680, upload-time = "2025-10-14T04:41:43.661Z" },
    { url = "https://files.pythonhosted.org/packages/7d/a5/bf6f13b772fbb2a90360eb620d52ed8f796f3c5caee8398c3b2eb7b1c60d/charset_normalizer-3.4.4-cp314-cp314-musllinux_1_2_ppc64le.whl", hash = "sha256:82004af6c302b5d3ab2cfc4cc5f29db16123b1a8417f2e25f9066f91d4411090", size = 162045, upload-time = "2025-10-14T04:41:44.821Z" },
    { url = "https://files.pythonhosted.org/packages/df/c5/d1be898bf0dc3ef9030c3825e5d3b83f2c528d207d246cbabe245966808d/charset_normalizer-3.4.4-cp314-cp314-musllinux_1_2_riscv64.whl", hash = "sha256:2b7d8f6c26245217bd2ad053761201e9f9680f8ce52f0fcd8d0755aeae5b2152", size = 149687, upload-time = "2025-10-14T04:41:46.442Z" },
    { url = "https://files.pythonhosted.org/packages/a5/42/90c1f7b9341eef50c8a1cb3f098ac43b0508413f33affd762855f67a410e/charset_normalizer-3.4.4-cp314-cp314-musllinux_1_2_s390x.whl", hash = "sha256:799a7a5e4fb2d5898c60b640fd4981d6a25f1c11790935a44ce38c54e985f828", size = 160014, upload-time = "2025-10-14T04:41:47.631Z" },
    { url = "https://files.pythonhosted.org/packages/76/be/4d3ee471e8145d12795ab655ece37baed0929462a86e72372fd25859047c/charset_normalizer-3.4.4-cp314-cp314-musllinux_1_2_x86_64.whl", hash = "sha256:99ae2cffebb06e6c22bdc25801d7b30f503cc87dbd283479e7b606f70aff57ec", size = 154044, upload-time = "2025-10-14T04:41:48.81Z" },
    { url = "https://files.pythonhosted.org/packages/b0/6f/8f7af07237c34a1defe7defc565a9bc1807762f672c0fde711a4b22bf9c0/charset_normalizer-3.4.4-cp314-cp314-win32.whl", hash = "sha256:f9d332f8c2a2fcbffe1378594431458ddbef721c1769d78e2cbc06280d8155f9", size = 99940, upload-time = "2025-10-14T04:41:49.946Z" },
    { url = "https://files.pythonhosted.org/packages/4b/51/8ade005e5ca5b0d80fb4aff72a3775b325bdc3d27408c8113811a7cbe640/charset_normalizer-3.4.4-cp314-cp314-win_amd64.whl", hash = "sha256:8a6562c3700cce886c5be75ade4a5db4214fda19fede41d9792d100288d8f94c", size = 107104, upload-time = "2025-10-14T04:41:51.051Z" },
    { url = "https://files.pythonhosted.org/packages/da/5f/6b8f83a55bb8278772c5ae54a577f3099025f9ade59d0136ac24a0df4bde/charset_normalizer-3.4.4-cp314-cp314-win_arm64.whl", hash = "sha256:de00632ca48df9daf77a2c65a484531649261ec9f25489917f09e455cb09ddb2", size = 100743, upload-time = "2025-10-14T04:41:52.122Z" },
    { url = "https://files.pythonhosted.org/packages/0a/4c/925909008ed5a988ccbb72dcc897407e5d6d3bd72410d69e051fc0c14647/charset_normalizer-3.4.4-py3-none-any.whl", hash = "sha256:7a32c560861a02ff789ad905a2fe94e3f840803362c84fecf1851cb4cf3dc37f", size = 53402, upload-time = "2025-10-14T04:42:31.76Z" },
]

[[package]]
name = "fuzzywuzzy"
version = "0.18.0"
source = { registry = "https://pypi.org/simple" }
sdist = { url = "https://files.pythonhosted.org/packages/11/4b/0a002eea91be6048a2b5d53c5f1b4dafd57ba2e36eea961d05086d7c28ce/fuzzywuzzy-0.18.0.tar.gz", hash = "sha256:45016e92264780e58972dca1b3d939ac864b78437422beecebb3095f8efd00e8", size = 28888, upload-time = "2020-02-13T21:06:27.054Z" }
wheels = [
    { url = "https://files.pythonhosted.org/packages/43/ff/74f23998ad2f93b945c0309f825be92e04e0348e062026998b5eefef4c33/fuzzywuzzy-0.18.0-py2.py3-none-any.whl", hash = "sha256:928244b28db720d1e0ee7587acf660ea49d7e4c632569cad4f1cd7e68a5f0993", size = 18272, upload-time = "2020-02-13T21:06:25.209Z" },
]

[[package]]
name = "h11"
version = "0.16.0"
source = { registry = "https://pypi.org/simple" }
sdist = { url = "https://files.pythonhosted.org/packages/01/ee/02a2c011bdab74c6fb3c75474d40b3052059d95df7e73351460c8588d963/h11-0.16.0.tar.gz", hash = "sha256:4e35b956cf45792e4caa5885e69fba00bdbc6ffafbfa020300e549b208ee5ff1", size = 101250, upload-time = "2025-04-24T03:35:25.427Z" }
wheels = [
    { url = "https://files.pythonhosted.org/packages/04/4b/29cac41a4d98d144bf5f6d33995617b185d14b22401f75ca86f384e87ff1/h11-0.16.0-py3-none-any.whl", hash = "sha256:63cf8bbe7522de3bf65932fda1d9c2772064ffb3dae62d55932da54b31cb6c86", size = 37515, upload-time = "2025-04-24T03:35:24.344Z" },
]

[[package]]
name = "humble-steam-key-redeemer"
version = "0.1.0"
source = { virtual = "." }
dependencies = [
    { name = "fuzzywuzzy" },
    { name = "pwinput" },
    { name = "python-levenshtein" },
    { name = "requests" },
    { name = "selenium" },
    { name = "steam" },
]

[package.metadata]
requires-dist = [
    { name = "fuzzywuzzy", specifier = ">=0.17.0" },
    { name = "pwinput", specifier = ">=1.0.3" },
    { name = "python-levenshtein", specifier = ">=0.27.3" },
    { name = "requests", specifier = ">=2.25.1" },
    { name = "selenium", specifier = ">=4.10.0" },
    { name = "steam", git = "https://github.com/FailSpy/steam-py-lib?rev=master" },
]

[[package]]
name = "idna"
version = "3.11"
source = { registry = "https://pypi.org/simple" }
sdist = { url = "https://files.pythonhosted.org/packages/6f/6d/0703ccc57f3a7233505399edb88de3cbd678da106337b9fcde432b65ed60/idna-3.11.tar.gz", hash = "sha256:795dafcc9c04ed0c1fb032c2aa73654d8e8c5023a7df64a53f39190ada629902", size = 194582, upload-time = "2025-10-12T14:55:20.501Z" }
wheels = [
    { url = "https://files.pythonhosted.org/packages/0e/61/66938bbb5fc52dbdf84594873d5b51fb1f7c7794e9c0f5bd885f30bc507b/idna-3.11-py3-none-any.whl", hash = "sha256:771a87f49d9defaf64091e6e6fe9c18d4833f140bd19464795bc32d966ca37ea", size = 71008, upload-time = "2025-10-12T14:55:18.883Z" },
]

[[package]]
name = "levenshtein"
version = "0.27.3"
source = { registry = "https://pypi.org/simple" }
dependencies = [
    { name = "rapidfuzz" },
]
sdist = { url = "https://files.pythonhosted.org/packages/82/56/dcf68853b062e3b94bdc3d011cc4198779abc5b9dc134146a062920ce2e2/levenshtein-0.27.3.tar.gz", hash = "sha256:1ac326b2c84215795163d8a5af471188918b8797b4953ec87aaba22c9c1f9fc0", size = 393269, upload-time = "2025-11-01T12:14:31.04Z" }
wheels = [
    { url = "https://files.pythonhosted.org/packages/f3/e1/2f705da403f865a5fa3449b155738dc9c53021698fd6926253a9af03180b/levenshtein-0.27.3-cp314-cp314-macosx_10_15_x86_64.whl", hash = "sha256:a6728bfae9a86002f0223576675fc7e2a6e7735da47185a1d13d1eaaa73dd4be", size = 169457, upload-time = "2025-11-01T12:13:53.778Z" },
    { url = "https://files.pythonhosted.org/packages/76/2c/bb6ef359e007fe7b6b3195b68a94f4dd3ecd1885ee337ee8fbd4df55996f/levenshtein-0.27.3-cp314-cp314-macosx_11_0_arm64.whl", hash = "sha256:8e5037c4a6f97a238e24aad6f98a1e984348b7931b1b04b6bd02bd4f8238150d", size = 158680, upload-time = "2025-11-01T12:13:55.005Z" },
    { url = "https://files.pythonhosted.org/packages/51/7b/de1999f4cf1cfebc3fbbf03a6d58498952d6560d9798af4b0a566e6b6f30/levenshtein-0.27.3-cp314-cp314-manylinux_2_24_aarch64.manylinux_2_28_aarch64.whl", hash = "sha256:c6cf5ecf9026bf24cf66ad019c6583f50058fae3e1b3c20e8812455b55d597f1", size = 133167, upload-time = "2025-11-01T12:13:56.426Z" },
    { url = "https://files.pythonhosted.org/packages/c7/da/aaa7f3a0a8ae8744b284043653652db3d7d93595517f9ed8158c03287692/levenshtein-0.27.3-cp314-cp314-manylinux_2_24_armv7l.manylinux_2_31_armv7l.whl", hash = "sha256:9285084bd2fc19adb47dab54ed4a71f57f78fe0d754e4a01e3c75409a25aed24", size = 114530, upload-time = "2025-11-01T12:13:57.883Z" },
    { url = "https://files.pythonhosted.org/packages/29/ce/ed422816fb30ffa3bc11597b30d5deca06b4a1388707a04215da73c65b53/levenshtein-0.27.3-cp314-cp314-manylinux_2_24_x86_64.manylinux_2_28_x86_64.whl", hash = "sha256:ce3bbbe92172a08b599d79956182c6b7ab6ec8d4adbe7237417a363b968ad87b", size = 153325, upload-time = "2025-11-01T12:13:59.318Z" },
    { url = "https://files.pythonhosted.org/packages/d9/5a/a225477a0bda154f19f1c07a5e35500d631ae25dfd620b479027d79f0d4c/levenshtein-0.27.3-cp314-cp314-musllinux_1_2_aarch64.whl", hash = "sha256:9dac48fab9d166ca90e12fb6cf6c7c8eb9c41aacf7136584411e20f7f136f745", size = 1114956, upload-time = "2025-11-01T12:14:00.543Z" },
    { url = "https://files.pythonhosted.org/packages/ca/c4/a1be1040f3cce516a5e2be68453fd0c32ac63b2e9d31f476723fd8002c09/levenshtein-0.27.3-cp314-cp314-musllinux_1_2_armv7l.whl", hash = "sha256:d37a83722dc5326c93d17078e926c4732dc4f3488dc017c6839e34cd16af92b7", size = 1007610, upload-time = "2025-11-01T12:14:02.036Z" },
    { url = "https://files.pythonhosted.org/packages/86/d7/6f50e8a307e0c2befd819b481eb3a4c2eacab3dd8101982423003fac8ea3/levenshtein-0.27.3-cp314-cp314-musllinux_1_2_x86_64.whl", hash = "sha256:3466cb8294ce586e49dd467560a153ab8d296015c538223f149f9aefd3d9f955", size = 1185379, upload-time = "2025-11-01T12:14:03.385Z" },
    { url = "https://files.pythonhosted.org/packages/6b/e5/5d8fb1b3ebd5735f53221bf95c923066bcfc132234925820128f7eee5b47/levenshtein-0.27.3-cp314-cp314-win32.whl", hash = "sha256:c848bf2457b268672b7e9e73b44f18f49856420ac50b2564cf115a6e4ef82688", size = 86328, upload-time = "2025-11-01T12:14:04.74Z" },
    { url = "https://files.pythonhosted.org/packages/30/82/8a9ccbdb4e38bd4d516f2804999dccb8cb4bcb4e33f52851735da0c73ea7/levenshtein-0.27.3-cp314-cp314-win_amd64.whl", hash = "sha256:742633f024362a4ed6ef9d7e75d68f74b041ae738985fcf55a0e6d1d4cade438", size = 96640, upload-time = "2025-11-01T12:14:06.24Z" },
    { url = "https://files.pythonhosted.org/packages/14/86/f9d15919f59f5d92c6baa500315e1fa0143a39d811427b83c54f038267ca/levenshtein-0.27.3-cp314-cp314-win_arm64.whl", hash = "sha256:9eed6851224b19e8d588ddb8eb8a4ae3c2dcabf3d1213985f0b94a67e517b1df", size = 89689, upload-time = "2025-11-01T12:14:07.379Z" },
    { url = "https://files.pythonhosted.org/packages/ed/f6/10f44975ae6dc3047b2cd260e3d4c3a5258b8d10690a42904115de24fc51/levenshtein-0.27.3-cp314-cp314t-macosx_10_15_x86_64.whl", hash = "sha256:77de69a345c76227b51a4521cd85442eb3da54c7eb6a06663a20c058fc49e683", size = 170518, upload-time = "2025-11-01T12:14:09.196Z" },
    { url = "https://files.pythonhosted.org/packages/08/07/fa294a145a0c99a814a9a807614962c1ee0f5749ca691645980462027d5d/levenshtein-0.27.3-cp314-cp314t-macosx_11_0_arm64.whl", hash = "sha256:eba2756dc1f5b962b0ff80e49abb2153d5e809cc5e7fa5e85be9410ce474795d", size = 159097, upload-time = "2025-11-01T12:14:10.404Z" },
    { url = "https://files.pythonhosted.org/packages/ae/50/24bdf37813fc30f293e53b46022b091144f4737a6a66663d2235b311bb98/levenshtein-0.27.3-cp314-cp314t-manylinux_2_24_aarch64.manylinux_2_28_aarch64.whl", hash = "sha256:2c8fcb498287e971d84260f67808ff1a06b3f6212d80fea75cf5155db80606ff", size = 136650, upload-time = "2025-11-01T12:14:11.579Z" },
    { url = "https://files.pythonhosted.org/packages/d0/a9/0399c7a190b277cdea3acc801129d9d30da57c3fa79519e7b8c3f080d86c/levenshtein-0.27.3-cp314-cp314t-manylinux_2_24_armv7l.manylinux_2_31_armv7l.whl", hash = "sha256:f067092c67464faab13e00a5c1a80da93baca8955d4d49579861400762e35591", size = 117515, upload-time = "2025-11-01T12:14:12.877Z" },
    { url = "https://files.pythonhosted.org/packages/bf/a4/1c27533e97578b385a4b8079abe8d1ce2e514717c761efbe4bf7bbd0ac2e/levenshtein-0.27.3-cp314-cp314t-manylinux_2_24_x86_64.manylinux_2_28_x86_64.whl", hash = "sha256:92415f32c68491203f2855d05eef3277d376182d014cf0859c013c89f277fbbf", size = 155711, upload-time = "2025-11-01T12:14:13.985Z" },
    { url = "https://files.pythonhosted.org/packages/50/35/bbc26638394a72b1e31a685ec251c995ee66a630c7e5c86f98770928b632/levenshtein-0.27.3-cp314-cp314t-musllinux_1_2_aarch64.whl", hash = "sha256:ef61eeaf1e0a42d7d947978d981fe4b9426b98b3dd8c1582c535f10dee044c3f", size = 1116692, upload-time = "2025-11-01T12:14:15.359Z" },
    { url = "https://files.pythonhosted.org/packages/cd/83/32fcf28b388f8dc6c36b54552b9bae289dab07d43df104893158c834cbcc/levenshtein-0.27.3-cp314-cp314t-musllinux_1_2_armv7l.whl", hash = "sha256:103bb2e9049d1aa0d1216dd09c1c9106ecfe7541bbdc1a0490b9357d42eec8f2", size = 1003167, upload-time = "2025-11-01T12:14:17.469Z" },
    { url = "https://files.pythonhosted.org/packages/d1/79/1fbf2877ec4b819f373a32ebe3c48a61ee810693593a6015108b0be97b78/levenshtein-0.27.3-cp314-cp314t-musllinux_1_2_x86_64.whl", hash = "sha256:6a64ddd1986b2a4c468b09544382287315c53585eb067f6e200c337741e057ee", size = 1189417, upload-time = "2025-11-01T12:14:19.081Z" },
    { url = "https://files.pythonhosted.org/packages/d3/ac/dad4e09f1f7459c64172e48e40ed2baf3aa92d38205bcbd1b4ff00853701/levenshtein-0.27.3-cp314-cp314t-win32.whl", hash = "sha256:957244f27dc284ccb030a8b77b8a00deb7eefdcd70052a4b1d96f375780ae9dc", size = 88144, upload-time = "2025-11-01T12:14:20.667Z" },
    { url = "https://files.pythonhosted.org/packages/c0/61/cd51dc8b8a382e17c559a9812734c3a9afc2dab7d36253516335ee16ae50/levenshtein-0.27.3-cp314-cp314t-win_amd64.whl", hash = "sha256:ccd7eaa6d8048c3ec07c93cfbcdefd4a3ae8c6aca3a370f2023ee69341e5f076", size = 98516, upload-time = "2025-11-01T12:14:21.786Z" },
    { url = "https://files.pythonhosted.org/packages/27/5e/3fb67e882c1fee01ebb7abc1c0a6669e5ff8acd060e93bfe7229e9ce6e4f/levenshtein-0.27.3-cp314-cp314t-win_arm64.whl", hash = "sha256:1d8520b89b7a27bb5aadbcc156715619bcbf556a8ac46ad932470945dca6e1bd", size = 91020, upload-time = "2025-11-01T12:14:22.944Z" },
]

[[package]]
name = "outcome"
version = "1.3.0.post0"
source = { registry = "https://pypi.org/simple" }
dependencies = [
    { name = "attrs" },
]
sdist = { url = "https://files.pythonhosted.org/packages/98/df/77698abfac98571e65ffeb0c1fba8ffd692ab8458d617a0eed7d9a8d38f2/outcome-1.3.0.post0.tar.gz", hash = "sha256:9dcf02e65f2971b80047b377468e72a268e15c0af3cf1238e6ff14f7f91143b8", size = 21060, upload-time = "2023-10-26T04:26:04.361Z" }
wheels = [
    { url = "https://files.pythonhosted.org/packages/55/8b/5ab7257531a5d830fc8000c476e63c935488d74609b50f9384a643ec0a62/outcome-1.3.0.post0-py2.py3-none-any.whl", hash = "sha256:e771c5ce06d1415e356078d3bdd68523f284b4ce5419828922b6871e65eda82b", size = 10692, upload-time = "2023-10-26T04:26:02.532Z" },
]

[[package]]
name = "pwinput"
version = "1.0.3"
source = { registry = "https://pypi.org/simple" }
sdist = { url = "https://files.pythonhosted.org/packages/4b/c9/f6d03c2214c282251baa38c6be08f5b9f81f1ea488716cd2335e7e190b58/pwinput-1.0.3.tar.gz", hash = "sha256:ca1a8bd06e28872d751dbd4132d8637127c25b408ea3a349377314a5491426f3", size = 4433, upload-time = "2023-02-16T17:04:14.592Z" }

[[package]]
name = "pycparser"
version = "3.0"
source = { registry = "https://pypi.org/simple" }
sdist = { url = "https://files.pythonhosted.org/packages/1b/7d/92392ff7815c21062bea51aa7b87d45576f649f16458d78b7cf94b9ab2e6/pycparser-3.0.tar.gz", hash = "sha256:600f49d217304a5902ac3c37e1281c9fe94e4d0489de643a9504c5cdfdfc6b29", size = 103492, upload-time = "2026-01-21T14:26:51.89Z" }
wheels = [
    { url = "https://files.pythonhosted.org/packages/0c/c3/44f3fbbfa403ea2a7c779186dc20772604442dde72947e7d01069cbe98e3/pycparser-3.0-py3-none-any.whl", hash = "sha256:b727414169a36b7d524c1c3e31839a521725078d7b2ff038656844266160a992", size = 48172, upload-time = "2026-01-21T14:26:50.693Z" },
]

[[package]]
name = "pycryptodomex"
version = "3.23.0"
source = { registry = "https://pypi.org/simple" }
sdist = { url = "https://files.pythonhosted.org/packages/c9/85/e24bf90972a30b0fcd16c73009add1d7d7cd9140c2498a68252028899e41/pycryptodomex-3.23.0.tar.gz", hash = "sha256:71909758f010c82bc99b0abf4ea12012c98962fbf0583c2164f8b84533c2e4da", size = 4922157, upload-time = "2025-05-17T17:23:41.434Z" }
wheels = [
    { url = "https://files.pythonhosted.org/packages/dd/9c/1a8f35daa39784ed8adf93a694e7e5dc15c23c741bbda06e1d45f8979e9e/pycryptodomex-3.23.0-cp37-abi3-macosx_10_9_universal2.whl", hash = "sha256:06698f957fe1ab229a99ba2defeeae1c09af185baa909a31a5d1f9d42b1aaed6", size = 2499240, upload-time = "2025-05-17T17:22:46.953Z" },
    { url = "https://files.pythonhosted.org/packages/7a/62/f5221a191a97157d240cf6643747558759126c76ee92f29a3f4aee3197a5/pycryptodomex-3.23.0-cp37-abi3-macosx_10_9_x86_64.whl", hash = "sha256:b2c2537863eccef2d41061e82a881dcabb04944c5c06c5aa7110b577cc487545", size = 1644042, upload-time = "2025-05-17T17:22:49.098Z" },
    { url = "https://files.pythonhosted.org/packages/8c/fd/5a054543c8988d4ed7b612721d7e78a4b9bf36bc3c5ad45ef45c22d0060e/pycryptodomex-3.23.0-cp37-abi3-manylinux_2_17_aarch64.manylinux2014_aarch64.whl", hash = "sha256:43c446e2ba8df8889e0e16f02211c25b4934898384c1ec1ec04d7889c0333587", size = 2186227, upload-time = "2025-05-17T17:22:51.139Z" },
    { url = "https://files.pythonhosted.org/packages/c8/a9/8862616a85cf450d2822dbd4fff1fcaba90877907a6ff5bc2672cafe42f8/pycryptodomex-3.23.0-cp37-abi3-manylinux_2_17_x86_64.manylinux2014_x86_64.whl", hash = "sha256:f489c4765093fb60e2edafdf223397bc716491b2b69fe74367b70d6999257a5c", size = 2272578, upload-time = "2025-05-17T17:22:53.676Z" },
    { url = "https://files.pythonhosted.org/packages/46/9f/bda9c49a7c1842820de674ab36c79f4fbeeee03f8ff0e4f3546c3889076b/pycryptodomex-3.23.0-cp37-abi3-manylinux_2_5_i686.manylinux1_i686.manylinux_2_17_i686.manylinux2014_i686.whl", hash = "sha256:bdc69d0d3d989a1029df0eed67cc5e8e5d968f3724f4519bd03e0ec68df7543c", size = 2312166, upload-time = "2025-05-17T17:22:56.585Z" },
    { url = "https://files.pythonhosted.org/packages/03/cc/870b9bf8ca92866ca0186534801cf8d20554ad2a76ca959538041b7a7cf4/pycryptodomex-3.23.0-cp37-abi3-musllinux_1_2_aarch64.whl", hash = "sha256:6bbcb1dd0f646484939e142462d9e532482bc74475cecf9c4903d4e1cd21f003", size = 2185467, upload-time = "2025-05-17T17:22:59.237Z" },
    { url = "https://files.pythonhosted.org/packages/96/e3/ce9348236d8e669fea5dd82a90e86be48b9c341210f44e25443162aba187/pycryptodomex-3.23.0-cp37-abi3-musllinux_1_2_i686.whl", hash = "sha256:8a4fcd42ccb04c31268d1efeecfccfd1249612b4de6374205376b8f280321744", size = 2346104, upload-time = "2025-05-17T17:23:02.112Z" },
    { url = "https://files.pythonhosted.org/packages/a5/e9/e869bcee87beb89040263c416a8a50204f7f7a83ac11897646c9e71e0daf/pycryptodomex-3.23.0-cp37-abi3-musllinux_1_2_x86_64.whl", hash = "sha256:55ccbe27f049743a4caf4f4221b166560d3438d0b1e5ab929e07ae1702a4d6fd", size = 2271038, upload-time = "2025-05-17T17:23:04.872Z" },
    { url = "https://files.pythonhosted.org/packages/8d/67/09ee8500dd22614af5fbaa51a4aee6e342b5fa8aecf0a6cb9cbf52fa6d45/pycryptodomex-3.23.0-cp37-abi3-win32.whl", hash = "sha256:189afbc87f0b9f158386bf051f720e20fa6145975f1e76369303d0f31d1a8d7c", size = 1771969, upload-time = "2025-05-17T17:23:07.115Z" },
    { url = "https://files.pythonhosted.org/packages/69/96/11f36f71a865dd6df03716d33bd07a67e9d20f6b8d39820470b766af323c/pycryptodomex-3.23.0-cp37-abi3-win_amd64.whl", hash = "sha256:52e5ca58c3a0b0bd5e100a9fbc8015059b05cffc6c66ce9d98b4b45e023443b9", size = 1803124, upload-time = "2025-05-17T17:23:09.267Z" },
    { url = "https://files.pythonhosted.org/packages/f9/93/45c1cdcbeb182ccd2e144c693eaa097763b08b38cded279f0053ed53c553/pycryptodomex-3.23.0-cp37-abi3-win_arm64.whl", hash = "sha256:02d87b80778c171445d67e23d1caef279bf4b25c3597050ccd2e13970b57fd51", size = 1707161, upload-time = "2025-05-17T17:23:11.414Z" },
]

[[package]]
name = "pysocks"
version = "1.7.1"
source = { registry = "https://pypi.org/simple" }
sdist = { url = "https://files.pythonhosted.org/packages/bd/11/293dd436aea955d45fc4e8a35b6ae7270f5b8e00b53cf6c024c83b657a11/PySocks-1.7.1.tar.gz", hash = "sha256:3f8804571ebe159c380ac6de37643bb4685970655d3bba243530d6558b799aa0", size = 284429, upload-time = "2019-09-20T02:07:35.714Z" }
wheels = [
    { url = "https://files.pythonhosted.org/packages/8d/59/b4572118e098ac8e46e399a1dd0f2d85403ce8bbaad9ec79373ed6badaf9/PySocks-1.7.1-py3-none-any.whl", hash = "sha256:2725bd0a9925919b9b51739eea5f9e2bae91e83288108a9ad338b2e3a4435ee5", size = 16725, upload-time = "2019-09-20T02:06:22.938Z" },
]

[[package]]
name = "python-levenshtein"
version = "0.27.3"
source = { registry = "https://pypi.org/simple" }
dependencies = [
    { name = "levenshtein" },
]
sdist = { url = "https://files.pythonhosted.org/packages/f6/b4/36eda4188dd19d3cb53d8a8749d7520bd23dfe1c1f44e56ea9dcd0232274/python_levenshtein-0.27.3.tar.gz", hash = "sha256:27dc2d65aeb62a7d6852388f197073296370779286c0860b087357f3b8129a62", size = 12446, upload-time = "2025-11-01T12:54:59.712Z" }
wheels = [
    { url = "https://files.pythonhosted.org/packages/7b/5b/26e3cca2589252ceabf964ba81514e6f48556553c9c2766e1a0fdceec696/python_levenshtein-0.27.3-py3-none-any.whl", hash = "sha256:5d6168a8e8befb25abf04d2952368a446722be10e8ced218d0dc4fd3703a43a1", size = 9504, upload-time = "2025-11-01T12:54:58.933Z" },
]

[[package]]
name = "rapidfuzz"
version = "3.14.3"
source = { registry = "https://pypi.org/simple" }
sdist = { url = "https://files.pythonhosted.org/packages/d3/28/9d808fe62375b9aab5ba92fa9b29371297b067c2790b2d7cda648b1e2f8d/rapidfuzz-3.14.3.tar.gz", hash = "sha256:2491937177868bc4b1e469087601d53f925e8d270ccc21e07404b4b5814b7b5f", size = 57863900, upload-time = "2025-11-01T11:54:52.321Z" }
wheels = [
    { url = "https://files.pythonhosted.org/packages/32/6f/1b88aaeade83abc5418788f9e6b01efefcd1a69d65ded37d89cd1662be41/rapidfuzz-3.14.3-cp314-cp314-macosx_10_15_x86_64.whl", hash = "sha256:442125473b247227d3f2de807a11da6c08ccf536572d1be943f8e262bae7e4ea", size = 1942086, upload-time = "2025-11-01T11:54:02.592Z" },
    { url = "https://files.pythonhosted.org/packages/a0/2c/b23861347436cb10f46c2bd425489ec462790faaa360a54a7ede5f78de88/rapidfuzz-3.14.3-cp314-cp314-macosx_11_0_arm64.whl", hash = "sha256:1ec0c8c0c3d4f97ced46b2e191e883f8c82dbbf6d5ebc1842366d7eff13cd5a6", size = 1386993, upload-time = "2025-11-01T11:54:04.12Z" },
    { url = "https://files.pythonhosted.org/packages/83/86/5d72e2c060aa1fbdc1f7362d938f6b237dff91f5b9fc5dd7cc297e112250/rapidfuzz-3.14.3-cp314-cp314-manylinux_2_26_aarch64.manylinux_2_28_aarch64.whl", hash = "sha256:2dc37bc20272f388b8c3a4eba4febc6e77e50a8f450c472def4751e7678f55e4", size = 1379126, upload-time = "2025-11-01T11:54:05.777Z" },
    { url = "https://files.pythonhosted.org/packages/c9/bc/ef2cee3e4d8b3fc22705ff519f0d487eecc756abdc7c25d53686689d6cf2/rapidfuzz-3.14.3-cp314-cp314-manylinux_2_27_x86_64.manylinux_2_28_x86_64.whl", hash = "sha256:dee362e7e79bae940a5e2b3f6d09c6554db6a4e301cc68343886c08be99844f1", size = 3159304, upload-time = "2025-11-01T11:54:07.351Z" },
    { url = "https://files.pythonhosted.org/packages/a0/36/dc5f2f62bbc7bc90be1f75eeaf49ed9502094bb19290dfb4747317b17f12/rapidfuzz-3.14.3-cp314-cp314-manylinux_2_31_armv7l.whl", hash = "sha256:4b39921df948388a863f0e267edf2c36302983459b021ab928d4b801cbe6a421", size = 1218207, upload-time = "2025-11-01T11:54:09.641Z" },
    { url = "https://files.pythonhosted.org/packages/df/7e/8f4be75c1bc62f47edf2bbbe2370ee482fae655ebcc4718ac3827ead3904/rapidfuzz-3.14.3-cp314-cp314-musllinux_1_2_aarch64.whl", hash = "sha256:beda6aa9bc44d1d81242e7b291b446be352d3451f8217fcb068fc2933927d53b", size = 2401245, upload-time = "2025-11-01T11:54:11.543Z" },
    { url = "https://files.pythonhosted.org/packages/05/38/f7c92759e1bb188dd05b80d11c630ba59b8d7856657baf454ff56059c2ab/rapidfuzz-3.14.3-cp314-cp314-musllinux_1_2_armv7l.whl", hash = "sha256:6a014ba09657abfcfeed64b7d09407acb29af436d7fc075b23a298a7e4a6b41c", size = 2518308, upload-time = "2025-11-01T11:54:13.134Z" },
    { url = "https://files.pythonhosted.org/packages/c7/ac/85820f70fed5ecb5f1d9a55f1e1e2090ef62985ef41db289b5ac5ec56e28/rapidfuzz-3.14.3-cp314-cp314-musllinux_1_2_x86_64.whl", hash = "sha256:32eeafa3abce138bb725550c0e228fc7eaeec7059aa8093d9cbbec2b58c2371a", size = 4265011, upload-time = "2025-11-01T11:54:15.087Z" },
    { url = "https://files.pythonhosted.org/packages/46/a9/616930721ea9835c918af7cde22bff17f9db3639b0c1a7f96684be7f5630/rapidfuzz-3.14.3-cp314-cp314-win32.whl", hash = "sha256:adb44d996fc610c7da8c5048775b21db60dd63b1548f078e95858c05c86876a3", size = 1742245, upload-time = "2025-11-01T11:54:17.19Z" },
    { url = "https://files.pythonhosted.org/packages/06/8a/f2fa5e9635b1ccafda4accf0e38246003f69982d7c81f2faa150014525a4/rapidfuzz-3.14.3-cp314-cp314-win_amd64.whl", hash = "sha256:f3d15d8527e2b293e38ce6e437631af0708df29eafd7c9fc48210854c94472f9", size = 1584856, upload-time = "2025-11-01T11:54:18.764Z" },
    { url = "https://files.pythonhosted.org/packages/ef/97/09e20663917678a6d60d8e0e29796db175b1165e2079830430342d5298be/rapidfuzz-3.14.3-cp314-cp314-win_arm64.whl", hash = "sha256:576e4b9012a67e0bf54fccb69a7b6c94d4e86a9540a62f1a5144977359133583", size = 833490, upload-time = "2025-11-01T11:54:20.753Z" },
    { url = "https://files.pythonhosted.org/packages/03/1b/6b6084576ba87bf21877c77218a0c97ba98cb285b0c02eaaee3acd7c4513/rapidfuzz-3.14.3-cp314-cp314t-macosx_10_15_x86_64.whl", hash = "sha256:cec3c0da88562727dd5a5a364bd9efeb535400ff0bfb1443156dd139a1dd7b50", size = 1968658, upload-time = "2025-11-01T11:54:22.25Z" },
    { url = "https://files.pythonhosted.org/packages/38/c0/fb02a0db80d95704b0a6469cc394e8c38501abf7e1c0b2afe3261d1510c2/rapidfuzz-3.14.3-cp314-cp314t-macosx_11_0_arm64.whl", hash = "sha256:d1fa009f8b1100e4880868137e7bf0501422898f7674f2adcd85d5a67f041296", size = 1410742, upload-time = "2025-11-01T11:54:23.863Z" },
    { url = "https://files.pythonhosted.org/packages/a4/72/3fbf12819fc6afc8ec75a45204013b40979d068971e535a7f3512b05e765/rapidfuzz-3.14.3-cp314-cp314t-manylinux_2_26_aarch64.manylinux_2_28_aarch64.whl", hash = "sha256:1b86daa7419b5e8b180690efd1fdbac43ff19230803282521c5b5a9c83977655", size = 1382810, upload-time = "2025-11-01T11:54:25.571Z" },
    { url = "https://files.pythonhosted.org/packages/0f/18/0f1991d59bb7eee28922a00f79d83eafa8c7bfb4e8edebf4af2a160e7196/rapidfuzz-3.14.3-cp314-cp314t-manylinux_2_27_x86_64.manylinux_2_28_x86_64.whl", hash = "sha256:c7bd1816db05d6c5ffb3a4df0a2b7b56fb8c81ef584d08e37058afa217da91b1", size = 3166349, upload-time = "2025-11-01T11:54:27.195Z" },
    { url = "https://files.pythonhosted.org/packages/0d/f0/baa958b1989c8f88c78bbb329e969440cf330b5a01a982669986495bb980/rapidfuzz-3.14.3-cp314-cp314t-manylinux_2_31_armv7l.whl", hash = "sha256:33da4bbaf44e9755b0ce192597f3bde7372fe2e381ab305f41b707a95ac57aa7", size = 1214994, upload-time = "2025-11-01T11:54:28.821Z" },
    { url = "https://files.pythonhosted.org/packages/e4/a0/cd12ec71f9b2519a3954febc5740291cceabc64c87bc6433afcb36259f3b/rapidfuzz-3.14.3-cp314-cp314t-musllinux_1_2_aarch64.whl", hash = "sha256:3fecce764cf5a991ee2195a844196da840aba72029b2612f95ac68a8b74946bf", size = 2403919, upload-time = "2025-11-01T11:54:30.393Z" },
    { url = "https://files.pythonhosted.org/packages/0b/ce/019bd2176c1644098eced4f0595cb4b3ef52e4941ac9a5854f209d0a6e16/rapidfuzz-3.14.3-cp314-cp314t-musllinux_1_2_armv7l.whl", hash = "sha256:ecd7453e02cf072258c3a6b8e930230d789d5d46cc849503729f9ce475d0e785", size = 2508346, upload-time = "2025-11-01T11:54:32.048Z" },
    { url = "https://files.pythonhosted.org/packages/23/f8/be16c68e2c9e6c4f23e8f4adbb7bccc9483200087ed28ff76c5312da9b14/rapidfuzz-3.14.3-cp314-cp314t-musllinux_1_2_x86_64.whl", hash = "sha256:ea188aa00e9bcae8c8411f006a5f2f06c4607a02f24eab0d8dc58566aa911f35", size = 4274105, upload-time = "2025-11-01T11:54:33.701Z" },
    { url = "https://files.pythonhosted.org/packages/a1/d1/5ab148e03f7e6ec8cd220ccf7af74d3aaa4de26dd96df58936beb7cba820/rapidfuzz-3.14.3-cp314-cp314t-win32.whl", hash = "sha256:7ccbf68100c170e9a0581accbe9291850936711548c6688ce3bfb897b8c589ad", size = 1793465, upload-time = "2025-11-01T11:54:35.331Z" },
    { url = "https://files.pythonhosted.org/packages/cd/97/433b2d98e97abd9fff1c470a109b311669f44cdec8d0d5aa250aceaed1fb/rapidfuzz-3.14.3-cp314-cp314t-win_amd64.whl", hash = "sha256:9ec02e62ae765a318d6de38df609c57fc6dacc65c0ed1fd489036834fd8a620c", size = 1623491, upload-time = "2025-11-01T11:54:38.085Z" },
    { url = "https://files.pythonhosted.org/packages/e2/f6/e2176eb94f94892441bce3ddc514c179facb65db245e7ce3356965595b19/rapidfuzz-3.14.3-cp314-cp314t-win_arm64.whl", hash = "sha256:e805e52322ae29aa945baf7168b6c898120fbc16d2b8f940b658a5e9e3999253", size = 851487, upload-time = "2025-11-01T11:54:40.176Z" },
]

[[package]]
name = "requests"
version = "2.32.5"
source = { registry = "https://pypi.org/simple" }
dependencies = [
    { name = "certifi" },
    { name = "charset-normalizer" },
    { name = "idna" },
    { name = "urllib3" },
]
sdist = { url = "https://files.pythonhosted.org/packages/c9/74/b3ff8e6c8446842c3f5c837e9c3dfcfe2018ea6ecef224c710c85ef728f4/requests-2.32.5.tar.gz", hash = "sha256:dbba0bac56e100853db0ea71b82b4dfd5fe2bf6d3754a8893c3af500cec7d7cf", size = 134517, upload-time = "2025-08-18T20:46:02.573Z" }
wheels = [
    { url = "https://files.pythonhosted.org/packages/1e/db/4254e3eabe8020b458f1a747140d32277ec7a271daf1d235b70dc0b4e6e3/requests-2.32.5-py3-none-any.whl", hash = "sha256:2462f94637a34fd532264295e186976db0f5d453d1cdd31473c85a6a161affb6", size = 64738, upload-time = "2025-08-18T20:46:00.542Z" },
]

[[package]]
name = "selenium"
version = "4.32.0"
source = { registry = "https://pypi.org/simple" }
dependencies = [
    { name = "certifi" },
    { name = "trio" },
    { name = "trio-websocket" },
    { name = "typing-extensions" },
    { name = "urllib3", extra = ["socks"] },
    { name = "websocket-client" },
]
sdist = { url = "https://files.pythonhosted.org/packages/54/2d/fafffe946099033ccf22bf89e12eede14c1d3c5936110c5f6f2b9830722c/selenium-4.32.0.tar.gz", hash = "sha256:b9509bef4056f4083772abb1ae19ff57247d617a29255384b26be6956615b206", size = 870997, upload-time = "2025-05-02T20:35:27.325Z" }
wheels = [
    { url = "https://files.pythonhosted.org/packages/ea/37/d07ed9d13e571b2115d4ed6956d156c66816ceec0b03b2e463e80d09f572/selenium-4.32.0-py3-none-any.whl", hash = "sha256:c4d9613f8a45693d61530c9660560fadb52db7d730237bc788ddedf442391f97", size = 9369668, upload-time = "2025-05-02T20:35:24.726Z" },
]

[[package]]
name = "six"
version = "1.17.0"
source = { registry = "https://pypi.org/simple" }
sdist = { url = "https://files.pythonhosted.org/packages/94/e7/b2c673351809dca68a0e064b6af791aa332cf192da575fd474ed7d6f16a2/six-1.17.0.tar.gz", hash = "sha256:ff70335d468e7eb6ec65b95b99d3a2836546063f63acc5171de367e834932a81", size = 34031, upload-time = "2024-12-04T17:35:28.174Z" }
wheels = [
    { url = "https://files.pythonhosted.org/packages/b7/ce/149a00dd41f10bc29e5921b496af8b574d8413afcd5e30dfa0ed46c2cc5e/six-1.17.0-py2.py3-none-any.whl", hash = "sha256:4721f391ed90541fddacab5acf947aa0d3dc7d27b2e1e8eda2be8970586c3274", size = 11050, upload-time = "2024-12-04T17:35:26.475Z" },
]

[[package]]
name = "sniffio"
version = "1.3.1"
source = { registry = "https://pypi.org/simple" }
sdist = { url = "https://files.pythonhosted.org/packages/a2/87/a6771e1546d97e7e041b6ae58d80074f81b7d5121207425c964ddf5cfdbd/sniffio-1.3.1.tar.gz", hash = "sha256:f4324edc670a0f49750a81b895f35c3adb843cca46f0530f79fc1babb23789dc", size = 20372, upload-time = "2024-02-25T23:20:04.057Z" }
wheels = [
    { url = "https://files.pythonhosted.org/packages/e9/44/75a9c9421471a6c4805dbf2356f7c181a29c1879239abab1ea2cc8f38b40/sniffio-1.3.1-py3-none-any.whl", hash = "sha256:2f6da418d1f1e0fddd844478f41680e794e6051915791a034ff65e5f100525a2", size = 10235, upload-time = "2024-02-25T23:20:01.196Z" },
]

[[package]]
name = "sortedcontainers"
version = "2.4.0"
source = { registry = "https://pypi.org/simple" }
sdist = { url = "https://files.pythonhosted.org/packages/e8/c4/ba2f8066cceb6f23394729afe52f3bf7adec04bf9ed2c820b39e19299111/sortedcontainers-2.4.0.tar.gz", hash = "sha256:25caa5a06cc30b6b83d11423433f65d1f9d76c4c6a0c90e3379eaa43b9bfdb88", size = 30594, upload-time = "2021-05-16T22:03:42.897Z" }
wheels = [
    { url = "https://files.pythonhosted.org/packages/32/46/9cb0e58b2deb7f82b84065f37f3bffeb12413f947f9388e4cac22c4621ce/sortedcontainers-2.4.0-py2.py3-none-any.whl", hash = "sha256:a163dcaede0f1c021485e957a39245190e74249897e2ae4b2aa38595db237ee0", size = 29575, upload-time = "2021-05-16T22:03:41.177Z" },
]

[[package]]
name = "steam"
version = "1.4.5"
source = { git = "https://github.com/FailSpy/steam-py-lib?rev=master#3db3cfe04fb16fc9c212244d96c86b5164905c82" }
dependencies = [
    { name = "cachetools" },
    { name = "pycryptodomex" },
    { name = "requests" },
    { name = "six" },
    { name = "urllib3" },
    { name = "vdf" },
]

[[package]]
name = "trio"
version = "0.32.0"
source = { registry = "https://pypi.org/simple" }
dependencies = [
    { name = "attrs" },
    { name = "cffi", marker = "implementation_name != 'pypy' and os_name == 'nt'" },
    { name = "idna" },
    { name = "outcome" },
    { name = "sniffio" },
    { name = "sortedcontainers" },
]
sdist = { url = "https://files.pythonhosted.org/packages/d8/ce/0041ddd9160aac0031bcf5ab786c7640d795c797e67c438e15cfedf815c8/trio-0.32.0.tar.gz", hash = "sha256:150f29ec923bcd51231e1d4c71c7006e65247d68759dd1c19af4ea815a25806b", size = 605323, upload-time = "2025-10-31T07:18:17.466Z" }
wheels = [
    { url = "https://files.pythonhosted.org/packages/41/bf/945d527ff706233636c73880b22c7c953f3faeb9d6c7e2e85bfbfd0134a0/trio-0.32.0-py3-none-any.whl", hash = "sha256:4ab65984ef8370b79a76659ec87aa3a30c5c7c83ff250b4de88c29a8ab6123c5", size = 512030, upload-time = "2025-10-31T07:18:15.885Z" },
]

[[package]]
name = "trio-websocket"
version = "0.12.2"
source = { registry = "https://pypi.org/simple" }
dependencies = [
    { name = "outcome" },
    { name = "trio" },
    { name = "wsproto" },
]
sdist = { url = "https://files.pythonhosted.org/packages/d1/3c/8b4358e81f2f2cfe71b66a267f023a91db20a817b9425dd964873796980a/trio_websocket-0.12.2.tar.gz", hash = "sha256:22c72c436f3d1e264d0910a3951934798dcc5b00ae56fc4ee079d46c7cf20fae", size = 33549, upload-time = "2025-02-25T05:16:58.947Z" }
wheels = [
    { url = "https://files.pythonhosted.org/packages/c7/19/eb640a397bba49ba49ef9dbe2e7e5c04202ba045b6ce2ec36e9cadc51e04/trio_websocket-0.12.2-py3-none-any.whl", hash = "sha256:df605665f1db533f4a386c94525870851096a223adcb97f72a07e8b4beba45b6", size = 21221, upload-time = "2025-02-25T05:16:57.545Z" },
]

[[package]]
name = "typing-extensions"
version = "4.15.0"
source = { registry = "https://pypi.org/simple" }
sdist = { url = "https://files.pythonhosted.org/packages/72/94/1a15dd82efb362ac84269196e94cf00f187f7ed21c242792a923cdb1c61f/typing_extensions-4.15.0.tar.gz", hash = "sha256:0cea48d173cc12fa28ecabc3b837ea3cf6f38c6d1136f85cbaaf598984861466", size = 109391, upload-time = "2025-08-25T13:49:26.313Z" }
wheels = [
    { url = "https://files.pythonhosted.org/packages/18/67/36e9267722cc04a6b9f15c7f3441c2363321a3ea07da7ae0c0707beb2a9c/typing_extensions-4.15.0-py3-none-any.whl", hash = "sha256:f0fa19c6845758ab08074a0cfa8b7aecb71c999ca73d62883bc25cc018c4e548", size = 44614, upload-time = "2025-08-25T13:49:24.86Z" },
]

[[package]]
name = "urllib3"
version = "1.26.20"
source = { registry = "https://pypi.org/simple" }
sdist = { url = "https://files.pythonhosted.org/packages/e4/e8/6ff5e6bc22095cfc59b6ea711b687e2b7ed4bdb373f7eeec370a97d7392f/urllib3-1.26.20.tar.gz", hash = "sha256:40c2dc0c681e47eb8f90e7e27bf6ff7df2e677421fd46756da1161c39ca70d32", size = 307380, upload-time = "2024-08-29T15:43:11.37Z" }
wheels = [
    { url = "https://files.pythonhosted.org/packages/33/cf/8435d5a7159e2a9c83a95896ed596f68cf798005fe107cc655b5c5c14704/urllib3-1.26.20-py2.py3-none-any.whl", hash = "sha256:0ed14ccfbf1c30a9072c7ca157e4319b70d65f623e91e7b32fadb2853431016e", size = 144225, upload-time = "2024-08-29T15:43:08.921Z" },
]

[package.optional-dependencies]
socks = [
    { name = "pysocks" },
]

[[package]]
name = "vdf"
version = "3.4"
source = { registry = "https://pypi.org/simple" }
sdist = { url = "https://files.pythonhosted.org/packages/44/7f/74192f47d67c8bf3c47bf0d8487b3457614c2c98d58b6617721d217f3f79/vdf-3.4.tar.gz", hash = "sha256:fd5419f41e07a1009e5ffd027c7dcbe43d1f7e8ef453aeaa90d9d04b807de2af", size = 11132, upload-time = "2021-05-22T09:26:05.252Z" }
wheels = [
    { url = "https://files.pythonhosted.org/packages/96/60/6456b687cf55cf60020dcd01f9bc51561c3cc84f05fd8e0feb71ce60f894/vdf-3.4-py2.py3-none-any.whl", hash = "sha256:68c1a125cc49e343d535af2dd25074e9cb0908c6607f073947c4a04bbe234534", size = 10357, upload-time = "2021-05-22T09:26:03.948Z" },
]

[[package]]
name = "websocket-client"
version = "1.9.0"
source = { registry = "https://pypi.org/simple" }
sdist = { url = "https://files.pythonhosted.org/packages/2c/41/aa4bf9664e4cda14c3b39865b12251e8e7d239f4cd0e3cc1b6c2ccde25c1/websocket_client-1.9.0.tar.gz", hash = "sha256:9e813624b6eb619999a97dc7958469217c3176312b3a16a4bd1bc7e08a46ec98", size = 70576, upload-time = "2025-10-07T21:16:36.495Z" }
wheels = [
    { url = "https://files.pythonhosted.org/packages/34/db/b10e48aa8fff7407e67470363eac595018441cf32d5e1001567a7aeba5d2/websocket_client-1.9.0-py3-none-any.whl", hash = "sha256:af248a825037ef591efbf6ed20cc5faa03d3b47b9e5a2230a529eeee1c1fc3ef", size = 82616, upload-time = "2025-10-07T21:16:34.951Z" },
]

[[package]]
name = "wsproto"
version = "1.3.2"
source = { registry = "https://pypi.org/simple" }
dependencies = [
    { name = "h11" },
]
sdist = { url = "https://files.pythonhosted.org/packages/c7/79/12135bdf8b9c9367b8701c2c19a14c913c120b882d50b014ca0d38083c2c/wsproto-1.3.2.tar.gz", hash = "sha256:b86885dcf294e15204919950f666e06ffc6c7c114ca900b060d6e16293528294", size = 50116, upload-time = "2025-11-20T18:18:01.871Z" }
wheels = [
    { url = "https://files.pythonhosted.org/packages/a4/f5/10b68b7b1544245097b2a1b8238f66f2fc6dcaeb24ba5d917f52bd2eed4f/wsproto-1.3.2-py3-none-any.whl", hash = "sha256:61eea322cdf56e8cc904bd3ad7573359a242ba65688716b0710a5eb12beab584", size = 24405, upload-time = "2025-11-20T18:18:00.454Z" },
]
